{
  "version": 4,
  "terraform_version": "1.13.4",
  "serial": 30,
  "lineage": "e9d1b46e-935a-4756-6f1d-b2d456e016b9",
  "outputs": {},
  "resources": [
    {
      "mode": "managed",
      "type": "kind_cluster",
      "name": "default",
      "provider": "provider[\"registry.terraform.io/tehcyx/kind\"]",
      "instances": [
        {
          "schema_version": 0,
          "attributes": {
            "client_certificate": "-----BEGIN CERTIFICATE-----\nMIIDITCCAgmgAwIBAgIICOak3gZWiNQwDQYJKoZIhvcNAQELBQAwFTETMBEGA1UE\nAxMKa3ViZXJuZXRlczAeFw0yNTEyMDMyMjEzNTlaFw0yNjEyMDMyMjE0MDFaMDQx\nFzAVBgNVBAoTDnN5c3RlbTptYXN0ZXJzMRkwFwYDVQQDExBrdWJlcm5ldGVzLWFk\nbWluMIIBIjANBgkqhkiG9w0BAQEFAAOCAQ8AMIIBCgKCAQEAuqnVbOICH1bMOo8g\nGJA/V+NZiQ9bPAInTYyWe/3cocnUUJ3A7VzKRDdggtQJ5aAIZBxbuTLE+xawbF9h\nkEsP2ZHhqwZ0Fu3TTHzf97uMA1xltQ1Zn0DZ7MiIWuN2hN5qlxh811GYCqtdUgiL\n7a+Ob68c7PSl1JYnXIsfwod+9tVGuEWzr4dBbYWZigZgXVCZ+jTZ4zye+kdGWdVc\nlYo5wgTcE8mHJUR4UMRCdUE8TOmVBmhIvDS/B+bRf8ypnvLZSSry2PpYmmNms9iI\nvcUxRoKptN/SmfunirvYirbrMnvBZI95g7khk6JbH1jBsHwmMggnzMGa6CLNOJFr\ncly7pQIDAQABo1YwVDAOBgNVHQ8BAf8EBAMCBaAwEwYDVR0lBAwwCgYIKwYBBQUH\nAwIwDAYDVR0TAQH/BAIwADAfBgNVHSMEGDAWgBTKxhvyi5SGQE/uBfAaXRJUpNEV\nXTANBgkqhkiG9w0BAQsFAAOCAQEAIf0s32z5xkgQOTDOQcMPgdLynplvObk8nmCu\nE948w4bhPByUPyVXj51UjaxzhY6es0Dsyo9asZnKkHp0V84+g+kh2w0Zv8ReWymp\ntHeHMkHd0Eo5qfLR5Nm+G5YLpUBdj8KRlPWW9LqW/8C1h20APr8Uu1w0IwYkSmFA\nPTMCbnmfMd8CYNyjNRJj0PZM7NRI+wGt/f49WEH3dg8UJx3hez94+iN3B206Tecg\n/aoln26YqAIEY9yZrUlPOqMkn2L40FQbYYbVXMd+pZ/90J17WOi0QOYNJQDJUT9Y\nnFgrRHA09MPKvV1xkWMi+PHBLFowACYsHJtMb+0q43MI+eatkw==\n-----END CERTIFICATE-----\n",
            "client_key": "-----BEGIN RSA PRIVATE KEY-----\nMIIEowIBAAKCAQEAuqnVbOICH1bMOo8gGJA/V+NZiQ9bPAInTYyWe/3cocnUUJ3A\n7VzKRDdggtQJ5aAIZBxbuTLE+xawbF9hkEsP2ZHhqwZ0Fu3TTHzf97uMA1xltQ1Z\nn0DZ7MiIWuN2hN5qlxh811GYCqtdUgiL7a+Ob68c7PSl1JYnXIsfwod+9tVGuEWz\nr4dBbYWZigZgXVCZ+jTZ4zye+kdGWdVclYo5wgTcE8mHJUR4UMRCdUE8TOmVBmhI\nvDS/B+bRf8ypnvLZSSry2PpYmmNms9iIvcUxRoKptN/SmfunirvYirbrMnvBZI95\ng7khk6JbH1jBsHwmMggnzMGa6CLNOJFrcly7pQIDAQABAoIBADgx/PDEscLhjKZs\nhEsg0hERftkGaH8OXuq30m4NpSiH7IVAmN5cuwACc+mvEDOzFBOfffWpVSgKUp6t\nsF+SWXk0s+2bCcQFYUF7rqmUKriwTmZNWJfbHEButq42IG4rz4chdiQUimNb58JU\nlFvAKG9zFpA3rtzrP3pa3/rec9i3JE4wh7fo+HwR83gXpO55tWHY4pq8f9haLf+d\nRgl5zmy0RhF7LHPOWQNNa9hvRuE5OlwvUYm6L1GKoX5nSJJBpU6mbtDpORPz5t+m\nPqGV7f9Eh1IiRWNa+SgXGxWBjLcJBmgDLGr5cAr6/d0CGIewnpRq5+0PklK8fcwJ\nqENOAkECgYEA8PbAJPG21u25EHbNwVXG9NgphE7NDajJUGWKYsl+Y0CoTYiyDH5D\nvZUpjG8A7bYDKuMromuBSGlVkk49k0tqilcu4HyM6cnV5qMLq5lE2eNGevPZAzbL\nS3pQOpKHYvA7JFjJ1LfIPjCuoeWdD6/AyrpzCcBmq8PT49/9DxpH+ZkCgYEAxk+q\nsZZIZ7wnXhnMUTPuLbB7bxFl9V8q46LRexkK+5uP9FLd//+WPp3v/q/tA+yCQHFt\n7tU0/mvIgfNLRC++f5KESrvSBDitvuxTVbXDlYXsgeqNa7DucGvdrfJqnkh1ONaa\n8yorIi5PtN2pdU7NLoH4I64O6F1jbmmVhksTke0CgYEAzCq2iVcI7blEyg9vrPWp\n+wFAxCskkQNHd8hhZeyGG0DImdFN00oUyYieSLAxIDjNHESZTyg5xYoCiFGk2K3Y\n2tieDnVZzClJBP93PvFBpkBtEnaUlKWTwSMk4UwQTKNx6Q0WDheeIhuLi/+KgaUP\n/HXYTRXpqHXnjjfWKjrBa1kCgYAqIhr+CBPyFkO29nw2dHYSNwDCpEupSkLuglVH\ndhajRnXbTw/jqAXf3+ZxkiclQkaaMn9M0vejZnr/QRWoswwiRprc1fLU+sXPXp6G\nA0w+pGmPYKoTS1Adio1au7pzTqm5Hb9mEnt/k59TqhSq28c0LmDuE7kPHWhWuRAP\nrDvIMQKBgDNlD17vYKccbKVALNrLcIWOraD/10IwTd5IASfucrozsd05xxTbDlRg\n3E1P5rgRSr0gCh55cc8Tlp26SEqTBozpPLrMdT38IwDrBzt6zcJXhUv5iezM+UNV\nsNqnIB60Rwq5cToa0793HUHKQ7aR8depkCDKfi+tkGmk+Qvf830u\n-----END RSA PRIVATE KEY-----\n",
            "cluster_ca_certificate": "-----BEGIN CERTIFICATE-----\nMIIC/jCCAeagAwIBAgIBADANBgkqhkiG9w0BAQsFADAVMRMwEQYDVQQDEwprdWJl\ncm5ldGVzMB4XDTI1MTIwMzIyMTM1OVoXDTM1MTIwMTIyMTM1OVowFTETMBEGA1UE\nAxMKa3ViZXJuZXRlczCCASIwDQYJKoZIhvcNAQEBBQADggEPADCCAQoCggEBAMOn\nU03kTkC/WoXUkGslvoPXY+PZRvNewIbFnicC8LZKYKo9okGzC5yowFUrwgscNJK5\n0W9R3cInLu6NZYczAevjBG7IY0t5sD/OLZL0kna8NUIRM1yGL0PHOpBpIfJlaEw6\nTVvAGHk2Q7ervLKz0wcDCb4Tw3l+uAaiYPSoQXyg4TeIvm6Q5cVIR9dBIbs4zOd7\nYlB7c5W81vLSA8LelTxuWUns0y+9tjQJA76AgF0/bU2/eKVU1bI86w9Mfk0pbNID\nqcGrewckPIdYIBb09FD1lDKESxcWLx+ZZaRcWfMswqjjWo0pDS0gFBEZNvixW3wi\nM5d/RcAFZ7Y0v4uB1lkCAwEAAaNZMFcwDgYDVR0PAQH/BAQDAgKkMA8GA1UdEwEB\n/wQFMAMBAf8wHQYDVR0OBBYEFMrGG/KLlIZAT+4F8BpdElSk0RVdMBUGA1UdEQQO\nMAyCCmt1YmVybmV0ZXMwDQYJKoZIhvcNAQELBQADggEBACY+6AvoFP0wyEvcBckr\nVWLLS8PXxODZLaYRU3S+RstUpzKfYdxFfxrAWn4HHURFz5tyeZde4Ks1Om8wGO8I\n3u9ElURm3HXGiCCHkav8c5pzIr9fIt7+PIm/4H684sfZaunV2OuK/e+cCrUamxwN\nruvczryd5x6UUDS5bYN6cjvSiucNim6wKF9roo2IwdtpAKP5G9ZTBLcymNLEnUfw\nF5v6A0EwvODEwT4qRZj3QpInNlc3q1o3uPsDO8ZUuOSW5Sjd/t6URfHN8uTkHlro\nwq3kQfjpbUFGTNaXW2ILmukOxv1YtTzLemK6CjN6TDpVkze4b+8dxfCX42WSewaz\nUJ4=\n-----END CERTIFICATE-----\n",
            "completed": true,
            "endpoint": "https://127.0.0.1:49788",
            "id": "terraform-k8s-cluster-",
            "kind_config": [
              {
                "api_version": "kind.x-k8s.io/v1alpha4",
                "containerd_config_patches": null,
                "feature_gates": null,
                "kind": "Cluster",
                "networking": [],
                "node": [
                  {
                    "extra_mounts": [
                      {
                        "container_path": "/var/lib/mysql-data",
                        "host_path": "/tmp/data-matomo/db",
                        "propagation": "",
                        "read_only": false,
                        "selinux_relabel": false
                      },
                      {
                        "container_path": "/var/www/html-data",
                        "host_path": "/tmp/data-matomo/html",
                        "propagation": "",
                        "read_only": false,
                        "selinux_relabel": false
                      }
                    ],
                    "extra_port_mappings": [
                      {
                        "container_port": 30081,
                        "host_port": 8081,
                        "listen_address": "",
                        "protocol": ""
                      }
                    ],
                    "image": "",
                    "kubeadm_config_patches": null,
                    "labels": null,
                    "role": "control-plane"
                  }
                ],
                "runtime_config": null
              }
            ],
            "kubeconfig": "apiVersion: v1\nclusters:\n- cluster:\n    certificate-authority-data: LS0tLS1CRUdJTiBDRVJUSUZJQ0FURS0tLS0tCk1JSUMvakNDQWVhZ0F3SUJBZ0lCQURBTkJna3Foa2lHOXcwQkFRc0ZBREFWTVJNd0VRWURWUVFERXdwcmRXSmwKY201bGRHVnpNQjRYRFRJMU1USXdNekl5TVRNMU9Wb1hEVE0xTVRJd01USXlNVE0xT1Zvd0ZURVRNQkVHQTFVRQpBeE1LYTNWaVpYSnVaWFJsY3pDQ0FTSXdEUVlKS29aSWh2Y05BUUVCQlFBRGdnRVBBRENDQVFvQ2dnRUJBTU9uClUwM2tUa0MvV29YVWtHc2x2b1BYWStQWlJ2TmV3SWJGbmljQzhMWktZS285b2tHekM1eW93RlVyd2dzY05KSzUKMFc5UjNjSW5MdTZOWlljekFldmpCRzdJWTB0NXNEL09MWkwwa25hOE5VSVJNMXlHTDBQSE9wQnBJZkpsYUV3NgpUVnZBR0hrMlE3ZXJ2TEt6MHdjRENiNFR3M2wrdUFhaVlQU29RWHlnNFRlSXZtNlE1Y1ZJUjlkQkliczR6T2Q3CllsQjdjNVc4MXZMU0E4TGVsVHh1V1VuczB5Kzl0alFKQTc2QWdGMC9iVTIvZUtWVTFiSTg2dzlNZmswcGJOSUQKcWNHcmV3Y2tQSWRZSUJiMDlGRDFsREtFU3hjV0x4K1paYVJjV2ZNc3dxampXbzBwRFMwZ0ZCRVpOdml4VzN3aQpNNWQvUmNBRlo3WTB2NHVCMWxrQ0F3RUFBYU5aTUZjd0RnWURWUjBQQVFIL0JBUURBZ0trTUE4R0ExVWRFd0VCCi93UUZNQU1CQWY4d0hRWURWUjBPQkJZRUZNckdHL0tMbElaQVQrNEY4QnBkRWxTazBSVmRNQlVHQTFVZEVRUU8KTUF5Q0NtdDFZbVZ5Ym1WMFpYTXdEUVlKS29aSWh2Y05BUUVMQlFBRGdnRUJBQ1krNkF2b0ZQMHd5RXZjQmNrcgpWV0xMUzhQWHhPRFpMYVlSVTNTK1JzdFVwektmWWR4RmZ4ckFXbjRISFVSRno1dHllWmRlNEtzMU9tOHdHTzhJCjN1OUVsVVJtM0hYR2lDQ0hrYXY4YzVweklyOWZJdDcrUEltLzRINjg0c2ZaYXVuVjJPdUsvZStjQ3JVYW14d04KcnV2Y3pyeWQ1eDZVVURTNWJZTjZjanZTaXVjTmltNndLRjlyb28ySXdkdHBBS1A1RzlaVEJMY3ltTkxFblVmdwpGNXY2QTBFd3ZPREV3VDRxUlpqM1FwSW5ObGMzcTFvM3VQc0RPOFpVdU9TVzVTamQvdDZVUmZITjh1VGtIbHJvCndxM2tRZmpwYlVGR1ROYVhXMklMbXVrT3h2MVl0VHpMZW1LNkNqTjZURHBWa3plNGIrOGR4ZkNYNDJXU2V3YXoKVUo0PQotLS0tLUVORCBDRVJUSUZJQ0FURS0tLS0tCg==\n    server: https://127.0.0.1:49788\n  name: kind-terraform-k8s-cluster\ncontexts:\n- context:\n    cluster: kind-terraform-k8s-cluster\n    user: kind-terraform-k8s-cluster\n  name: kind-terraform-k8s-cluster\ncurrent-context: kind-terraform-k8s-cluster\nkind: Config\npreferences: {}\nusers:\n- name: kind-terraform-k8s-cluster\n  user:\n    client-certificate-data: LS0tLS1CRUdJTiBDRVJUSUZJQ0FURS0tLS0tCk1JSURJVENDQWdtZ0F3SUJBZ0lJQ09hazNnWldpTlF3RFFZSktvWklodmNOQVFFTEJRQXdGVEVUTUJFR0ExVUUKQXhNS2EzVmlaWEp1WlhSbGN6QWVGdzB5TlRFeU1ETXlNakV6TlRsYUZ3MHlOakV5TURNeU1qRTBNREZhTURReApGekFWQmdOVkJBb1REbk41YzNSbGJUcHRZWE4wWlhKek1Sa3dGd1lEVlFRREV4QnJkV0psY201bGRHVnpMV0ZrCmJXbHVNSUlCSWpBTkJna3Foa2lHOXcwQkFRRUZBQU9DQVE4QU1JSUJDZ0tDQVFFQXVxblZiT0lDSDFiTU9vOGcKR0pBL1YrTlppUTliUEFJblRZeVdlLzNjb2NuVVVKM0E3VnpLUkRkZ2d0UUo1YUFJWkJ4YnVUTEUreGF3YkY5aAprRXNQMlpIaHF3WjBGdTNUVEh6Zjk3dU1BMXhsdFExWm4wRFo3TWlJV3VOMmhONXFseGg4MTFHWUNxdGRVZ2lMCjdhK09iNjhjN1BTbDFKWW5YSXNmd29kKzl0Vkd1RVd6cjRkQmJZV1ppZ1pnWFZDWitqVFo0enllK2tkR1dkVmMKbFlvNXdnVGNFOG1ISlVSNFVNUkNkVUU4VE9tVkJtaEl2RFMvQitiUmY4eXBudkxaU1NyeTJQcFltbU5tczlpSQp2Y1V4Um9LcHROL1NtZnVuaXJ2WWlyYnJNbnZCWkk5NWc3a2hrNkpiSDFqQnNId21NZ2duek1HYTZDTE5PSkZyCmNseTdwUUlEQVFBQm8xWXdWREFPQmdOVkhROEJBZjhFQkFNQ0JhQXdFd1lEVlIwbEJBd3dDZ1lJS3dZQkJRVUgKQXdJd0RBWURWUjBUQVFIL0JBSXdBREFmQmdOVkhTTUVHREFXZ0JUS3hodnlpNVNHUUUvdUJmQWFYUkpVcE5FVgpYVEFOQmdrcWhraUc5dzBCQVFzRkFBT0NBUUVBSWYwczMyejV4a2dRT1RET1FjTVBnZEx5bnBsdk9iazhubUN1CkU5NDh3NGJoUEJ5VVB5VlhqNTFVamF4emhZNmVzMERzeW85YXNabktrSHAwVjg0K2cra2gydzBadjhSZVd5bXAKdEhlSE1rSGQwRW81cWZMUjVObStHNVlMcFVCZGo4S1JsUFdXOUxxVy84QzFoMjBBUHI4VXUxdzBJd1lrU21GQQpQVE1DYm5tZk1kOENZTnlqTlJKajBQWk03TlJJK3dHdC9mNDlXRUgzZGc4VUp4M2hlejk0K2lOM0IyMDZUZWNnCi9hb2xuMjZZcUFJRVk5eVpyVWxQT3FNa24yTDQwRlFiWVliVlhNZCtwWi85MEoxN1dPaTBRT1lOSlFESlVUOVkKbkZnclJIQTA5TVBLdlYxeGtXTWkrUEhCTEZvd0FDWXNISnRNYiswcTQzTUkrZWF0a3c9PQotLS0tLUVORCBDRVJUSUZJQ0FURS0tLS0tCg==\n    client-key-data: LS0tLS1CRUdJTiBSU0EgUFJJVkFURSBLRVktLS0tLQpNSUlFb3dJQkFBS0NBUUVBdXFuVmJPSUNIMWJNT284Z0dKQS9WK05aaVE5YlBBSW5UWXlXZS8zY29jblVVSjNBCjdWektSRGRnZ3RRSjVhQUlaQnhidVRMRSt4YXdiRjloa0VzUDJaSGhxd1owRnUzVFRIemY5N3VNQTF4bHRRMVoKbjBEWjdNaUlXdU4yaE41cWx4aDgxMUdZQ3F0ZFVnaUw3YStPYjY4YzdQU2wxSlluWElzZndvZCs5dFZHdUVXegpyNGRCYllXWmlnWmdYVkNaK2pUWjR6eWUra2RHV2RWY2xZbzV3Z1RjRThtSEpVUjRVTVJDZFVFOFRPbVZCbWhJCnZEUy9CK2JSZjh5cG52TFpTU3J5MlBwWW1tTm1zOWlJdmNVeFJvS3B0Ti9TbWZ1bmlydllpcmJyTW52QlpJOTUKZzdraGs2SmJIMWpCc0h3bU1nZ256TUdhNkNMTk9KRnJjbHk3cFFJREFRQUJBb0lCQURneC9QREVzY0xoaktacwpoRXNnMGhFUmZ0a0dhSDhPWHVxMzBtNE5wU2lIN0lWQW1ONWN1d0FDYyttdkVET3pGQk9mZmZXcFZTZ0tVcDZ0CnNGK1NXWGswcysyYkNjUUZZVUY3cnFtVUtyaXdUbVpOV0pmYkhFQnV0cTQySUc0cno0Y2hkaVFVaW1OYjU4SlUKbEZ2QUtHOXpGcEEzcnR6clAzcGEzL3JlYzlpM0pFNHdoN2ZvK0h3UjgzZ1hwTzU1dFdIWTRwcThmOWhhTGYrZApSZ2w1em15MFJoRjdMSFBPV1FOTmE5aHZSdUU1T2x3dlVZbTZMMUdLb1g1blNKSkJwVTZtYnREcE9SUHo1dCttClBxR1Y3ZjlFaDFJaVJXTmErU2dYR3hXQmpMY0pCbWdETEdyNWNBcjYvZDBDR0lld25wUnE1KzBQa2xLOGZjd0oKcUVOT0FrRUNnWUVBOFBiQUpQRzIxdTI1RUhiTndWWEc5TmdwaEU3TkRhakpVR1dLWXNsK1kwQ29UWWl5REg1RAp2WlVwakc4QTdiWURLdU1yb211QlNHbFZrazQ5azB0cWlsY3U0SHlNNmNuVjVxTUxxNWxFMmVOR2V2UFpBemJMClMzcFFPcEtIWXZBN0pGakoxTGZJUGpDdW9lV2RENi9BeXJwekNjQm1xOFBUNDkvOUR4cEgrWmtDZ1lFQXhrK3EKc1paSVo3d25YaG5NVVRQdUxiQjdieEZsOVY4cTQ2TFJleGtLKzV1UDlGTGQvLytXUHAzdi9xL3RBK3lDUUhGdAo3dFUwL212SWdmTkxSQysrZjVLRVNydlNCRGl0dnV4VFZiWERsWVhzZ2VxTmE3RHVjR3ZkcmZKcW5raDFPTmFhCjh5b3JJaTVQdE4ycGRVN05Mb0g0STY0TzZGMWpibW1WaGtzVGtlMENnWUVBekNxMmlWY0k3YmxFeWc5dnJQV3AKK3dGQXhDc2trUU5IZDhoaFpleUdHMERJbWRGTjAwb1V5WWllU0xBeElEak5IRVNaVHlnNXhZb0NpRkdrMkszWQoydGllRG5WWnpDbEpCUDkzUHZGQnBrQnRFbmFVbEtXVHdTTWs0VXdRVEtOeDZRMFdEaGVlSWh1TGkvK0tnYVVQCi9IWFlUUlhwcUhYbmpqZldLanJCYTFrQ2dZQXFJaHIrQ0JQeUZrTzI5bncyZEhZU053RENwRXVwU2tMdWdsVkgKZGhhalJuWGJUdy9qcUFYZjMrWnhraWNsUWthYU1uOU0wdmVqWm5yL1FSV29zd3dpUnByYzFmTFUrc1hQWHA2RwpBMHcrcEdtUFlLb1RTMUFkaW8xYXU3cHpUcW01SGI5bUVudC9rNTlUcWhTcTI4YzBMbUR1RTdrUEhXaFd1UkFQCnJEdklNUUtCZ0RObEQxN3ZZS2NjYktWQUxOckxjSVdPcmFELzEwSXdUZDVJQVNmdWNyb3pzZDA1eHhUYkRsUmcKM0UxUDVyZ1JTcjBnQ2g1NWNjOFRscDI2U0VxVEJvenBQTHJNZFQzOEl3RHJCenQ2emNKWGhVdjVpZXpNK1VOVgpzTnFuSUI2MFJ3cTVjVG9hMDc5M0hVSEtRN2FSOGRlcGtDREtmaSt0a0dtaytRdmY4MzB1Ci0tLS0tRU5EIFJTQSBQUklWQVRFIEtFWS0tLS0tCg==\n",
            "kubeconfig_path": "C:\\Users\\ivysu\\OneDrive\\Documentos\\uni\\cuarto\\VS\\VS_entregable2\\ejercicio-2\\terraform-k8s-cluster-config",
            "name": "terraform-k8s-cluster",
            "node_image": null,
            "timeouts": null,
            "wait_for_ready": false
          },
          "sensitive_attributes": [],
          "identity_schema_version": 0,
          "private": "eyJlMmJmYjczMC1lY2FhLTExZTYtOGY4OC0zNDM2M2JjN2M0YzAiOnsiY3JlYXRlIjozMDAwMDAwMDAwMDAsImRlbGV0ZSI6MzAwMDAwMDAwMDAwLCJ1cGRhdGUiOjMwMDAwMDAwMDAwMH19"
        }
      ]
    },
    {
      "mode": "managed",
      "type": "kubernetes_deployment",
      "name": "mariadb",
      "provider": "provider[\"registry.terraform.io/hashicorp/kubernetes\"]",
      "instances": [
        {
          "schema_version": 1,
          "attributes": {
            "id": "default/mariadb",
            "metadata": [
              {
                "annotations": null,
                "generate_name": "",
                "generation": 1,
                "labels": {
                  "app": "mariadb"
                },
                "name": "mariadb",
                "namespace": "default",
                "resource_version": "543",
                "uid": "6425c083-31a6-41c5-a5ff-ccbe70e9364b"
              }
            ],
            "spec": [
              {
                "min_ready_seconds": 0,
                "paused": false,
                "progress_deadline_seconds": 600,
                "replicas": "1",
                "revision_history_limit": 10,
                "selector": [
                  {
                    "match_expressions": [],
                    "match_labels": {
                      "app": "mariadb"
                    }
                  }
                ],
                "strategy": [
                  {
                    "rolling_update": [
                      {
                        "max_surge": "25%",
                        "max_unavailable": "25%"
                      }
                    ],
                    "type": "RollingUpdate"
                  }
                ],
                "template": [
                  {
                    "metadata": [
                      {
                        "annotations": null,
                        "generate_name": "",
                        "generation": 0,
                        "labels": {
                          "app": "mariadb"
                        },
                        "name": "",
                        "namespace": "",
                        "resource_version": "",
                        "uid": ""
                      }
                    ],
                    "spec": [
                      {
                        "active_deadline_seconds": 0,
                        "affinity": [],
                        "automount_service_account_token": true,
                        "container": [
                          {
                            "args": null,
                            "command": null,
                            "env": [
                              {
                                "name": "MARIADB_ROOT_PASSWORD",
                                "value": "micontrasenasegura",
                                "value_from": []
                              },
                              {
                                "name": "MARIADB_DATABASE",
                                "value": "bd_wordpress",
                                "value_from": []
                              },
                              {
                                "name": "MARIADB_USER",
                                "value": "usuario_wp",
                                "value_from": []
                              },
                              {
                                "name": "MARIADB_PASSWORD",
                                "value": "micontrasenasegura",
                                "value_from": []
                              }
                            ],
                            "env_from": [],
                            "image": "mariadb:10.6",
                            "image_pull_policy": "IfNotPresent",
                            "lifecycle": [],
                            "liveness_probe": [],
                            "name": "mariadb",
                            "port": [],
                            "readiness_probe": [],
                            "resources": [
                              {
                                "limits": {},
                                "requests": {}
                              }
                            ],
                            "security_context": [],
                            "startup_probe": [],
                            "stdin": false,
                            "stdin_once": false,
                            "termination_message_path": "/dev/termination-log",
                            "termination_message_policy": "File",
                            "tty": false,
                            "volume_mount": [
                              {
                                "mount_path": "/var/lib/mysql",
                                "mount_propagation": "None",
                                "name": "mariadb-storage",
                                "read_only": false,
                                "sub_path": ""
                              }
                            ],
                            "working_dir": ""
                          }
                        ],
                        "dns_config": [],
                        "dns_policy": "ClusterFirst",
                        "enable_service_links": true,
                        "host_aliases": [],
                        "host_ipc": false,
                        "host_network": false,
                        "host_pid": false,
                        "hostname": "",
                        "image_pull_secrets": [],
                        "init_container": [],
                        "node_name": "",
                        "node_selector": null,
                        "priority_class_name": "",
                        "readiness_gate": [],
                        "restart_policy": "Always",
                        "runtime_class_name": "",
                        "scheduler_name": "default-scheduler",
                        "security_context": [],
                        "service_account_name": "",
                        "share_process_namespace": false,
                        "subdomain": "",
                        "termination_grace_period_seconds": 30,
                        "toleration": [],
                        "topology_spread_constraint": [],
                        "volume": [
                          {
                            "aws_elastic_block_store": [],
                            "azure_disk": [],
                            "azure_file": [],
                            "ceph_fs": [],
                            "cinder": [],
                            "config_map": [],
                            "csi": [],
                            "downward_api": [],
                            "empty_dir": [],
                            "ephemeral": [],
                            "fc": [],
                            "flex_volume": [],
                            "flocker": [],
                            "gce_persistent_disk": [],
                            "git_repo": [],
                            "glusterfs": [],
                            "host_path": [
                              {
                                "path": "/var/lib/mysql-data",
                                "type": "DirectoryOrCreate"
                              }
                            ],
                            "iscsi": [],
                            "local": [],
                            "name": "mariadb-storage",
                            "nfs": [],
                            "persistent_volume_claim": [],
                            "photon_persistent_disk": [],
                            "projected": [],
                            "quobyte": [],
                            "rbd": [],
                            "secret": [],
                            "vsphere_volume": []
                          }
                        ]
                      }
                    ]
                  }
                ]
              }
            ],
            "timeouts": null,
            "wait_for_rollout": true
          },
          "sensitive_attributes": [
            [
              {
                "type": "get_attr",
                "value": "spec"
              },
              {
                "type": "index",
                "value": {
                  "value": 0,
                  "type": "number"
                }
              },
              {
                "type": "get_attr",
                "value": "template"
              },
              {
                "type": "index",
                "value": {
                  "value": 0,
                  "type": "number"
                }
              },
              {
                "type": "get_attr",
                "value": "spec"
              },
              {
                "type": "index",
                "value": {
                  "value": 0,
                  "type": "number"
                }
              },
              {
                "type": "get_attr",
                "value": "container"
              },
              {
                "type": "index",
                "value": {
                  "value": 0,
                  "type": "number"
                }
              },
              {
                "type": "get_attr",
                "value": "env"
              },
              {
                "type": "index",
                "value": {
                  "value": 0,
                  "type": "number"
                }
              },
              {
                "type": "get_attr",
                "value": "value"
              }
            ],
            [
              {
                "type": "get_attr",
                "value": "spec"
              },
              {
                "type": "index",
                "value": {
                  "value": 0,
                  "type": "number"
                }
              },
              {
                "type": "get_attr",
                "value": "template"
              },
              {
                "type": "index",
                "value": {
                  "value": 0,
                  "type": "number"
                }
              },
              {
                "type": "get_attr",
                "value": "spec"
              },
              {
                "type": "index",
                "value": {
                  "value": 0,
                  "type": "number"
                }
              },
              {
                "type": "get_attr",
                "value": "container"
              },
              {
                "type": "index",
                "value": {
                  "value": 0,
                  "type": "number"
                }
              },
              {
                "type": "get_attr",
                "value": "env"
              },
              {
                "type": "index",
                "value": {
                  "value": 3,
                  "type": "number"
                }
              },
              {
                "type": "get_attr",
                "value": "value"
              }
            ]
          ],
          "identity_schema_version": 0,
          "private": "eyJlMmJmYjczMC1lY2FhLTExZTYtOGY4OC0zNDM2M2JjN2M0YzAiOnsiY3JlYXRlIjo2MDAwMDAwMDAwMDAsImRlbGV0ZSI6NjAwMDAwMDAwMDAwLCJ1cGRhdGUiOjYwMDAwMDAwMDAwMH0sInNjaGVtYV92ZXJzaW9uIjoiMSJ9",
          "dependencies": [
            "kind_cluster.default"
          ]
        }
      ]
    },
    {
      "mode": "managed",
      "type": "kubernetes_deployment",
      "name": "matomo",
      "provider": "provider[\"registry.terraform.io/hashicorp/kubernetes\"]",
      "instances": [
        {
          "schema_version": 1,
          "attributes": {
            "id": "default/matomo",
            "metadata": [
              {
                "annotations": null,
                "generate_name": "",
                "generation": 1,
                "labels": {
                  "app": "matomo"
                },
                "name": "matomo",
                "namespace": "default",
                "resource_version": "644",
                "uid": "1b5e05e2-0b24-4bd5-afbf-1541f63e4532"
              }
            ],
            "spec": [
              {
                "min_ready_seconds": 0,
                "paused": false,
                "progress_deadline_seconds": 600,
                "replicas": "1",
                "revision_history_limit": 10,
                "selector": [
                  {
                    "match_expressions": [],
                    "match_labels": {
                      "app": "matomo"
                    }
                  }
                ],
                "strategy": [
                  {
                    "rolling_update": [
                      {
                        "max_surge": "25%",
                        "max_unavailable": "25%"
                      }
                    ],
                    "type": "RollingUpdate"
                  }
                ],
                "template": [
                  {
                    "metadata": [
                      {
                        "annotations": null,
                        "generate_name": "",
                        "generation": 0,
                        "labels": {
                          "app": "matomo"
                        },
                        "name": "",
                        "namespace": "",
                        "resource_version": "",
                        "uid": ""
                      }
                    ],
                    "spec": [
                      {
                        "active_deadline_seconds": 0,
                        "affinity": [],
                        "automount_service_account_token": true,
                        "container": [
                          {
                            "args": null,
                            "command": null,
                            "env": [
                              {
                                "name": "MATOMO_DATABASE_HOST",
                                "value": "mariadb",
                                "value_from": []
                              },
                              {
                                "name": "MATOMO_DATABASE_USERNAME",
                                "value": "usuario_wp",
                                "value_from": []
                              },
                              {
                                "name": "MATOMO_DATABASE_PASSWORD",
                                "value": "micontrasenasegura",
                                "value_from": []
                              },
                              {
                                "name": "MATOMO_DATABASE_DBNAME",
                                "value": "bd_wordpress",
                                "value_from": []
                              }
                            ],
                            "env_from": [],
                            "image": "ivysudadera/matomo-custom:latest",
                            "image_pull_policy": "Always",
                            "lifecycle": [],
                            "liveness_probe": [],
                            "name": "matomo",
                            "port": [],
                            "readiness_probe": [],
                            "resources": [
                              {
                                "limits": {},
                                "requests": {}
                              }
                            ],
                            "security_context": [],
                            "startup_probe": [],
                            "stdin": false,
                            "stdin_once": false,
                            "termination_message_path": "/dev/termination-log",
                            "termination_message_policy": "File",
                            "tty": false,
                            "volume_mount": [
                              {
                                "mount_path": "/var/www/html",
                                "mount_propagation": "None",
                                "name": "matomo-storage",
                                "read_only": false,
                                "sub_path": ""
                              }
                            ],
                            "working_dir": ""
                          }
                        ],
                        "dns_config": [],
                        "dns_policy": "ClusterFirst",
                        "enable_service_links": true,
                        "host_aliases": [],
                        "host_ipc": false,
                        "host_network": false,
                        "host_pid": false,
                        "hostname": "",
                        "image_pull_secrets": [],
                        "init_container": [],
                        "node_name": "",
                        "node_selector": null,
                        "priority_class_name": "",
                        "readiness_gate": [],
                        "restart_policy": "Always",
                        "runtime_class_name": "",
                        "scheduler_name": "default-scheduler",
                        "security_context": [],
                        "service_account_name": "",
                        "share_process_namespace": false,
                        "subdomain": "",
                        "termination_grace_period_seconds": 30,
                        "toleration": [],
                        "topology_spread_constraint": [],
                        "volume": [
                          {
                            "aws_elastic_block_store": [],
                            "azure_disk": [],
                            "azure_file": [],
                            "ceph_fs": [],
                            "cinder": [],
                            "config_map": [],
                            "csi": [],
                            "downward_api": [],
                            "empty_dir": [],
                            "ephemeral": [],
                            "fc": [],
                            "flex_volume": [],
                            "flocker": [],
                            "gce_persistent_disk": [],
                            "git_repo": [],
                            "glusterfs": [],
                            "host_path": [
                              {
                                "path": "/var/www/html-data",
                                "type": "DirectoryOrCreate"
                              }
                            ],
                            "iscsi": [],
                            "local": [],
                            "name": "matomo-storage",
                            "nfs": [],
                            "persistent_volume_claim": [],
                            "photon_persistent_disk": [],
                            "projected": [],
                            "quobyte": [],
                            "rbd": [],
                            "secret": [],
                            "vsphere_volume": []
                          }
                        ]
                      }
                    ]
                  }
                ]
              }
            ],
            "timeouts": null,
            "wait_for_rollout": true
          },
          "sensitive_attributes": [
            [
              {
                "type": "get_attr",
                "value": "spec"
              },
              {
                "type": "index",
                "value": {
                  "value": 0,
                  "type": "number"
                }
              },
              {
                "type": "get_attr",
                "value": "template"
              },
              {
                "type": "index",
                "value": {
                  "value": 0,
                  "type": "number"
                }
              },
              {
                "type": "get_attr",
                "value": "spec"
              },
              {
                "type": "index",
                "value": {
                  "value": 0,
                  "type": "number"
                }
              },
              {
                "type": "get_attr",
                "value": "container"
              },
              {
                "type": "index",
                "value": {
                  "value": 0,
                  "type": "number"
                }
              },
              {
                "type": "get_attr",
                "value": "env"
              },
              {
                "type": "index",
                "value": {
                  "value": 2,
                  "type": "number"
                }
              },
              {
                "type": "get_attr",
                "value": "value"
              }
            ]
          ],
          "identity_schema_version": 0,
          "private": "eyJlMmJmYjczMC1lY2FhLTExZTYtOGY4OC0zNDM2M2JjN2M0YzAiOnsiY3JlYXRlIjo2MDAwMDAwMDAwMDAsImRlbGV0ZSI6NjAwMDAwMDAwMDAwLCJ1cGRhdGUiOjYwMDAwMDAwMDAwMH0sInNjaGVtYV92ZXJzaW9uIjoiMSJ9",
          "dependencies": [
            "kind_cluster.default",
            "kubernetes_deployment.mariadb"
          ]
        }
      ]
    },
    {
      "mode": "managed",
      "type": "kubernetes_service",
      "name": "mariadb",
      "provider": "provider[\"registry.terraform.io/hashicorp/kubernetes\"]",
      "instances": [
        {
          "schema_version": 1,
          "attributes": {
            "id": "default/mariadb",
            "metadata": [
              {
                "annotations": null,
                "generate_name": "",
                "generation": 0,
                "labels": null,
                "name": "mariadb",
                "namespace": "default",
                "resource_version": "329",
                "uid": "d022b2c9-b2e0-4746-8732-cb65a35d422c"
              }
            ],
            "spec": [
              {
                "allocate_load_balancer_node_ports": true,
                "cluster_ip": "10.96.33.125",
                "cluster_ips": [
                  "10.96.33.125"
                ],
                "external_ips": null,
                "external_name": "",
                "external_traffic_policy": "",
                "health_check_node_port": 0,
                "internal_traffic_policy": "Cluster",
                "ip_families": [
                  "IPv4"
                ],
                "ip_family_policy": "SingleStack",
                "load_balancer_class": "",
                "load_balancer_ip": "",
                "load_balancer_source_ranges": null,
                "port": [
                  {
                    "app_protocol": "",
                    "name": "",
                    "node_port": 0,
                    "port": 3306,
                    "protocol": "TCP",
                    "target_port": "3306"
                  }
                ],
                "publish_not_ready_addresses": false,
                "selector": {
                  "app": "mariadb"
                },
                "session_affinity": "None",
                "session_affinity_config": [],
                "type": "ClusterIP"
              }
            ],
            "status": [
              {
                "load_balancer": [
                  {
                    "ingress": []
                  }
                ]
              }
            ],
            "timeouts": null,
            "wait_for_load_balancer": true
          },
          "sensitive_attributes": [],
          "identity_schema_version": 0,
          "private": "eyJlMmJmYjczMC1lY2FhLTExZTYtOGY4OC0zNDM2M2JjN2M0YzAiOnsiY3JlYXRlIjo2MDAwMDAwMDAwMDB9LCJzY2hlbWFfdmVyc2lvbiI6IjEifQ==",
          "dependencies": [
            "kind_cluster.default"
          ]
        }
      ]
    },
    {
      "mode": "managed",
      "type": "kubernetes_service",
      "name": "matomo",
      "provider": "provider[\"registry.terraform.io/hashicorp/kubernetes\"]",
      "instances": [
        {
          "schema_version": 1,
          "attributes": {
            "id": "default/matomo",
            "metadata": [
              {
                "annotations": null,
                "generate_name": "",
                "generation": 0,
                "labels": null,
                "name": "matomo",
                "namespace": "default",
                "resource_version": "328",
                "uid": "ee4cef27-e9c2-4555-83a0-2b8cf0a6f7b6"
              }
            ],
            "spec": [
              {
                "allocate_load_balancer_node_ports": true,
                "cluster_ip": "10.96.172.149",
                "cluster_ips": [
                  "10.96.172.149"
                ],
                "external_ips": null,
                "external_name": "",
                "external_traffic_policy": "Cluster",
                "health_check_node_port": 0,
                "internal_traffic_policy": "Cluster",
                "ip_families": [
                  "IPv4"
                ],
                "ip_family_policy": "SingleStack",
                "load_balancer_class": "",
                "load_balancer_ip": "",
                "load_balancer_source_ranges": null,
                "port": [
                  {
                    "app_protocol": "",
                    "name": "",
                    "node_port": 30081,
                    "port": 80,
                    "protocol": "TCP",
                    "target_port": "80"
                  }
                ],
                "publish_not_ready_addresses": false,
                "selector": {
                  "app": "matomo"
                },
                "session_affinity": "None",
                "session_affinity_config": [],
                "type": "NodePort"
              }
            ],
            "status": [
              {
                "load_balancer": [
                  {
                    "ingress": []
                  }
                ]
              }
            ],
            "timeouts": null,
            "wait_for_load_balancer": true
          },
          "sensitive_attributes": [],
          "identity_schema_version": 0,
          "private": "eyJlMmJmYjczMC1lY2FhLTExZTYtOGY4OC0zNDM2M2JjN2M0YzAiOnsiY3JlYXRlIjo2MDAwMDAwMDAwMDB9LCJzY2hlbWFfdmVyc2lvbiI6IjEifQ==",
          "dependencies": [
            "kind_cluster.default"
          ]
        }
      ]
    }
  ],
  "check_results": null
}
