{
  "version": 4,
  "terraform_version": "1.13.4",
  "serial": 6,
  "lineage": "3be601b4-8fd5-37fb-4d24-7a3835e5390e",
  "outputs": {},
  "resources": [
    {
      "mode": "managed",
      "type": "kind_cluster",
      "name": "default",
      "provider": "provider[\"registry.terraform.io/tehcyx/kind\"]",
      "instances": [
        {
          "schema_version": 0,
          "attributes": {
            "client_certificate": "-----BEGIN CERTIFICATE-----\nMIIDITCCAgmgAwIBAgIIYT7UWAHE/y0wDQYJKoZIhvcNAQELBQAwFTETMBEGA1UE\nAxMKa3ViZXJuZXRlczAeFw0yNTEyMDQwMTAzNDlaFw0yNjEyMDQwMTAzNTFaMDQx\nFzAVBgNVBAoTDnN5c3RlbTptYXN0ZXJzMRkwFwYDVQQDExBrdWJlcm5ldGVzLWFk\nbWluMIIBIjANBgkqhkiG9w0BAQEFAAOCAQ8AMIIBCgKCAQEAp1OikpFhYK0y56Zs\nD/nGdhMd5m77fZZBbhvEOZ88tXDSm+AEpIFqqCAJt7MghU6d9HOOoCR4RSjpgzLg\nIgFE7Eo3Q6uRNh308jUFXUnslCfz+NOPkT21aJmTD+drvR03F9B2NKB+5EDIEk7E\n/kFpGrbs9nrFYn0qCgyhWfzlLk3EHR5Ha3R54buj0X1myOd0fYEhRn00YdYWYmIB\n7hGmLxPCh32nrLqrv4s7DjDEEeFz0CLN42TOGl/AwlndYHTRa43fUdweMkSFmW/0\njZi0r4JrNaaBuA8NX7+rpVmkuc7hkuYaDE7KuVFAf6Ryqhs1hiDgBEniEhN7FqAa\nDbQWcQIDAQABo1YwVDAOBgNVHQ8BAf8EBAMCBaAwEwYDVR0lBAwwCgYIKwYBBQUH\nAwIwDAYDVR0TAQH/BAIwADAfBgNVHSMEGDAWgBQinT1fJoM10UlgbT/n4LK+GHHv\nFTANBgkqhkiG9w0BAQsFAAOCAQEApq3cMAf49jP5lCJummpo80SB3NsObZaTvqj5\nSyF5xK+qfEReb+D2Ks7tVc3xiIuyV530wkEuCafSBsPFFyXbUTrW95h13HiZkaGo\nybyxpqVt2XJp9HNNO/+pIbt2alg8SAk8cEfyHfud1Dg/tAnC2S3NB2vUqm4gNzLt\nxK/5W5MBnt8zRaJw0Zrfg+a8l6pp4C7jxKGrzR4vD/SAVpk7EpRSXirDRpOtxdEa\nubbjfrOjO0qTPQvgt/EhHSChljWAaNdF7T3sozo8/wE046NrVR1uqXO4zduTq8aw\nMSpGH6PHMYKl79ApH/TINS/QSXn1IKVnmjfZgJu9RTZpuoAM0A==\n-----END CERTIFICATE-----\n",
            "client_key": "-----BEGIN RSA PRIVATE KEY-----\nMIIEowIBAAKCAQEAp1OikpFhYK0y56ZsD/nGdhMd5m77fZZBbhvEOZ88tXDSm+AE\npIFqqCAJt7MghU6d9HOOoCR4RSjpgzLgIgFE7Eo3Q6uRNh308jUFXUnslCfz+NOP\nkT21aJmTD+drvR03F9B2NKB+5EDIEk7E/kFpGrbs9nrFYn0qCgyhWfzlLk3EHR5H\na3R54buj0X1myOd0fYEhRn00YdYWYmIB7hGmLxPCh32nrLqrv4s7DjDEEeFz0CLN\n42TOGl/AwlndYHTRa43fUdweMkSFmW/0jZi0r4JrNaaBuA8NX7+rpVmkuc7hkuYa\nDE7KuVFAf6Ryqhs1hiDgBEniEhN7FqAaDbQWcQIDAQABAoIBADpoon5hS0mxC+z7\nFgu5mAKNh8lxgk6DjdF+1c97e3imqo4I8/XsyytnC51ZZQfDurWjRO037dfOgTzw\nHHciVEnbWlE/6Y+ng2KtCXNYI8JP9AUu7JW5ocKioUhS8zPvp9SjSy/xunm4914U\nqwVKFgNiSXN8xbwsjuk1IXnFIsc3g7gNfm98zvsZheSMNcjiZFgMFxYIvgFjoWRe\n+z13kiDf6ZKoGnQZ2qLxImaoHwr4DZrMwrhzV+vxrXhqPCCC/u+pr9Yz/NCK9oBM\nD6fUNyo73v3e1ka67R6khnqqdgwEEf4+wiByf1IPyxIgtNm+H5NfTQE5t1EFolD3\nUFpRTpUCgYEAzlZanBqRZgbyGJTHL0l7it8JzFXpzxhJ0X1X28vDu5HMdHecH45F\nNzJl+REfUhJbFWohVpmRd3seX0j04p0528kqZ8hpr85wzmi5yEIrnvelxwQMXvVe\nO0L7w4ysWLKGmf5zPV8zvkYl3SqX9jcHDawatQ9gwfqM/FFS829sMDcCgYEAz5mb\n8w6asY9tInkVChvhzLLLRMHY2m/VfVPGQwtu/P65GAdsvM/MhMHU+ZFBUhf5fOeh\nPCU4rz7x9W5XfTugCUnMoKmThUpfIoCMRvN7sC8Mk/iC3pr5YVSTPR40oqtgEe4e\ngWrL2LBHQBVvPZa1eJ4XIMdhai+HcU1VpAVKipcCgYBqFrw/xuk7LBcNzHEdPwrm\nPActqH6unC5YJ7okqH/a0PvuZhE/qEauOptzk/ommIl8WTUK8ap5ZDQZiclfOrek\n6amD8udkHSCi//WFoYAMHAiAavRxXnc0wRvxT0LN1/yc8NcPlwNjsW2GaX/4eBKI\nVRTmQyHcmpYipS2hPIjDwQKBgQCDFbWZRjF7yNral6YnWe+8N3GOmvB5DYC6wDlC\ngGe2rIjnmViZ6IR1l4cJhyS915Gbww7WUZJ3ZcGWffQUiZ/F/amOEUWrNojX2l+5\nNWl2mF7S2GqacTTitmq6fuYxiRECgV8VzP+mdbinyGETfKRd40UrV3o1eImHi5N2\nHDkzRQKBgAQUJT0J62p0nBRkzHy1yIW1exNYBiZkfNEUItw/GTYMtYnvku504yCa\n6pbfgC0WDPo1BMOZmH00Wpa8iHgY79PbmUBrzRWvTwTCqJ4IIG31UG93dmzEJtS0\nLq+5YFJcmksx4+zow5CbBXvMDSZI2glwLAssdOgm3LuyBza37Xlh\n-----END RSA PRIVATE KEY-----\n",
            "cluster_ca_certificate": "-----BEGIN CERTIFICATE-----\nMIIC/jCCAeagAwIBAgIBADANBgkqhkiG9w0BAQsFADAVMRMwEQYDVQQDEwprdWJl\ncm5ldGVzMB4XDTI1MTIwNDAxMDM0OVoXDTM1MTIwMjAxMDM0OVowFTETMBEGA1UE\nAxMKa3ViZXJuZXRlczCCASIwDQYJKoZIhvcNAQEBBQADggEPADCCAQoCggEBAMOS\nnmsuc/4VduN1SqbkaawiJqwEjGnv52N3k4JuP3qRP18L2s5xuEd46ud9Q4noe2Uu\nAUYYOlkDL0QO3P0W4NlE/rt+Ba4jI/LC0DDNdFligyOM0mGSBGCCU7ieldBXx6sZ\nnZOnQU+zHpOph9FKBr6NlldqPu79XuDM9O+sWQhf8RrjErRZGHx4fL5huqcE0jxr\nFKokuQkOtbJ+kV7mKR2D4DbalomHhauHgXTjJb8U0YyOaBCwkSk9hDqZNC+P6+5B\nV2LhEgj0c1o0o6ud52xVuknmiBWmykrrPliv6ORu1qeSQu23EzOp3ETFYt9p2sWe\nN+V/3RvZD6lyQLVzW9kCAwEAAaNZMFcwDgYDVR0PAQH/BAQDAgKkMA8GA1UdEwEB\n/wQFMAMBAf8wHQYDVR0OBBYEFCKdPV8mgzXRSWBtP+fgsr4Yce8VMBUGA1UdEQQO\nMAyCCmt1YmVybmV0ZXMwDQYJKoZIhvcNAQELBQADggEBAKo2Cp6dUrEqC3/FuWEV\n7S7tH9ezVGZ6Rs0lUjYYKWLvKA7lgReg8sfyg4BX1RBIW+Qd6KIzUyeGfaekS1Pe\nfuQdOsaIrq2mI8H6bik5AQyRb3T2C3FpU2aSgAEXQDVaONh1YT5bkOHU7RubcooP\nnDkRKvADGCRH1JgABVxxL796e4jh6rnaLRj+1zWt3qd16Q7L1CYXFBQeUClp0wao\nkGjMXOPKz8Kvsy8pIxhv4BrZAYpqIfimKPxqnpLctj/CdZpVNpNTa/Xoc3RITy+V\ntno1ic5U8bakisr1i1xlPw8SpSJh3ALAlZiHQ4dgFTb4M9201fW5f4KNunthDA39\nrQ0=\n-----END CERTIFICATE-----\n",
            "completed": true,
            "endpoint": "https://127.0.0.1:63645",
            "id": "terraform-k8s-cluster-",
            "kind_config": [
              {
                "api_version": "kind.x-k8s.io/v1alpha4",
                "containerd_config_patches": null,
                "feature_gates": null,
                "kind": "Cluster",
                "networking": [],
                "node": [
                  {
                    "extra_mounts": [
                      {
                        "container_path": "/var/lib/mysql-data",
                        "host_path": "C:/Users/ivysu/OneDrive/Documentos/uni/cuarto/VS/VS_entregable2/ejercicio-2/datos_NUEVOS_final/db",
                        "propagation": "",
                        "read_only": false,
                        "selinux_relabel": false
                      },
                      {
                        "container_path": "/var/www/html-data",
                        "host_path": "C:/Users/ivysu/OneDrive/Documentos/uni/cuarto/VS/VS_entregable2/ejercicio-2/datos_NUEVOS_final/html",
                        "propagation": "",
                        "read_only": false,
                        "selinux_relabel": false
                      }
                    ],
                    "extra_port_mappings": [
                      {
                        "container_port": 30081,
                        "host_port": 8081,
                        "listen_address": "",
                        "protocol": ""
                      }
                    ],
                    "image": "",
                    "kubeadm_config_patches": null,
                    "labels": null,
                    "role": "control-plane"
                  }
                ],
                "runtime_config": null
              }
            ],
            "kubeconfig": "apiVersion: v1\nclusters:\n- cluster:\n    certificate-authority-data: LS0tLS1CRUdJTiBDRVJUSUZJQ0FURS0tLS0tCk1JSUMvakNDQWVhZ0F3SUJBZ0lCQURBTkJna3Foa2lHOXcwQkFRc0ZBREFWTVJNd0VRWURWUVFERXdwcmRXSmwKY201bGRHVnpNQjRYRFRJMU1USXdOREF4TURNME9Wb1hEVE0xTVRJd01qQXhNRE0wT1Zvd0ZURVRNQkVHQTFVRQpBeE1LYTNWaVpYSnVaWFJsY3pDQ0FTSXdEUVlKS29aSWh2Y05BUUVCQlFBRGdnRVBBRENDQVFvQ2dnRUJBTU9TCm5tc3VjLzRWZHVOMVNxYmthYXdpSnF3RWpHbnY1Mk4zazRKdVAzcVJQMThMMnM1eHVFZDQ2dWQ5UTRub2UyVXUKQVVZWU9sa0RMMFFPM1AwVzRObEUvcnQrQmE0akkvTEMwREROZEZsaWd5T00wbUdTQkdDQ1U3aWVsZEJYeDZzWgpuWk9uUVUrekhwT3BoOUZLQnI2TmxsZHFQdTc5WHVETTlPK3NXUWhmOFJyakVyUlpHSHg0Zkw1aHVxY0UwanhyCkZLb2t1UWtPdGJKK2tWN21LUjJENERiYWxvbUhoYXVIZ1hUakpiOFUwWXlPYUJDd2tTazloRHFaTkMrUDYrNUIKVjJMaEVnajBjMW8wbzZ1ZDUyeFZ1a25taUJXbXlrcnJQbGl2Nk9SdTFxZVNRdTIzRXpPcDNFVEZZdDlwMnNXZQpOK1YvM1J2WkQ2bHlRTFZ6VzlrQ0F3RUFBYU5aTUZjd0RnWURWUjBQQVFIL0JBUURBZ0trTUE4R0ExVWRFd0VCCi93UUZNQU1CQWY4d0hRWURWUjBPQkJZRUZDS2RQVjhtZ3pYUlNXQnRQK2Znc3I0WWNlOFZNQlVHQTFVZEVRUU8KTUF5Q0NtdDFZbVZ5Ym1WMFpYTXdEUVlKS29aSWh2Y05BUUVMQlFBRGdnRUJBS28yQ3A2ZFVyRXFDMy9GdVdFVgo3Uzd0SDllelZHWjZSczBsVWpZWUtXTHZLQTdsZ1JlZzhzZnlnNEJYMVJCSVcrUWQ2S0l6VXllR2ZhZWtTMVBlCmZ1UWRPc2FJcnEybUk4SDZiaWs1QVF5UmIzVDJDM0ZwVTJhU2dBRVhRRFZhT05oMVlUNWJrT0hVN1J1YmNvb1AKbkRrUkt2QURHQ1JIMUpnQUJWeHhMNzk2ZTRqaDZybmFMUmorMXpXdDNxZDE2UTdMMUNZWEZCUWVVQ2xwMHdhbwprR2pNWE9QS3o4S3ZzeThwSXhodjRCclpBWXBxSWZpbUtQeHFucExjdGovQ2RacFZOcE5UYS9Yb2MzUklUeStWCnRubzFpYzVVOGJha2lzcjFpMXhsUHc4U3BTSmgzQUxBbFppSFE0ZGdGVGI0TTkyMDFmVzVmNEtOdW50aERBMzkKclEwPQotLS0tLUVORCBDRVJUSUZJQ0FURS0tLS0tCg==\n    server: https://127.0.0.1:63645\n  name: kind-terraform-k8s-cluster\ncontexts:\n- context:\n    cluster: kind-terraform-k8s-cluster\n    user: kind-terraform-k8s-cluster\n  name: kind-terraform-k8s-cluster\ncurrent-context: kind-terraform-k8s-cluster\nkind: Config\npreferences: {}\nusers:\n- name: kind-terraform-k8s-cluster\n  user:\n    client-certificate-data: LS0tLS1CRUdJTiBDRVJUSUZJQ0FURS0tLS0tCk1JSURJVENDQWdtZ0F3SUJBZ0lJWVQ3VVdBSEUveTB3RFFZSktvWklodmNOQVFFTEJRQXdGVEVUTUJFR0ExVUUKQXhNS2EzVmlaWEp1WlhSbGN6QWVGdzB5TlRFeU1EUXdNVEF6TkRsYUZ3MHlOakV5TURRd01UQXpOVEZhTURReApGekFWQmdOVkJBb1REbk41YzNSbGJUcHRZWE4wWlhKek1Sa3dGd1lEVlFRREV4QnJkV0psY201bGRHVnpMV0ZrCmJXbHVNSUlCSWpBTkJna3Foa2lHOXcwQkFRRUZBQU9DQVE4QU1JSUJDZ0tDQVFFQXAxT2lrcEZoWUsweTU2WnMKRC9uR2RoTWQ1bTc3ZlpaQmJodkVPWjg4dFhEU20rQUVwSUZxcUNBSnQ3TWdoVTZkOUhPT29DUjRSU2pwZ3pMZwpJZ0ZFN0VvM1E2dVJOaDMwOGpVRlhVbnNsQ2Z6K05PUGtUMjFhSm1URCtkcnZSMDNGOUIyTktCKzVFRElFazdFCi9rRnBHcmJzOW5yRlluMHFDZ3loV2Z6bExrM0VIUjVIYTNSNTRidWowWDFteU9kMGZZRWhSbjAwWWRZV1ltSUIKN2hHbUx4UENoMzJuckxxcnY0czdEakRFRWVGejBDTE40MlRPR2wvQXdsbmRZSFRSYTQzZlVkd2VNa1NGbVcvMApqWmkwcjRKck5hYUJ1QThOWDcrcnBWbWt1Yzdoa3VZYURFN0t1VkZBZjZSeXFoczFoaURnQkVuaUVoTjdGcUFhCkRiUVdjUUlEQVFBQm8xWXdWREFPQmdOVkhROEJBZjhFQkFNQ0JhQXdFd1lEVlIwbEJBd3dDZ1lJS3dZQkJRVUgKQXdJd0RBWURWUjBUQVFIL0JBSXdBREFmQmdOVkhTTUVHREFXZ0JRaW5UMWZKb00xMFVsZ2JUL240TEsrR0hIdgpGVEFOQmdrcWhraUc5dzBCQVFzRkFBT0NBUUVBcHEzY01BZjQ5alA1bENKdW1tcG84MFNCM05zT2JaYVR2cWo1ClN5RjV4SytxZkVSZWIrRDJLczd0VmMzeGlJdXlWNTMwd2tFdUNhZlNCc1BGRnlYYlVUclc5NWgxM0hpWmthR28KeWJ5eHBxVnQyWEpwOUhOTk8vK3BJYnQyYWxnOFNBazhjRWZ5SGZ1ZDFEZy90QW5DMlMzTkIydlVxbTRnTnpMdAp4Sy81VzVNQm50OHpSYUp3MFpyZmcrYThsNnBwNEM3anhLR3J6UjR2RC9TQVZwazdFcFJTWGlyRFJwT3R4ZEVhCnViYmpmck9qTzBxVFBRdmd0L0VoSFNDaGxqV0FhTmRGN1Qzc296bzgvd0UwNDZOclZSMXVxWE80emR1VHE4YXcKTVNwR0g2UEhNWUtsNzlBcEgvVElOUy9RU1huMUlLVm5tamZaZ0p1OVJUWnB1b0FNMEE9PQotLS0tLUVORCBDRVJUSUZJQ0FURS0tLS0tCg==\n    client-key-data: LS0tLS1CRUdJTiBSU0EgUFJJVkFURSBLRVktLS0tLQpNSUlFb3dJQkFBS0NBUUVBcDFPaWtwRmhZSzB5NTZac0QvbkdkaE1kNW03N2ZaWkJiaHZFT1o4OHRYRFNtK0FFCnBJRnFxQ0FKdDdNZ2hVNmQ5SE9Pb0NSNFJTanBnekxnSWdGRTdFbzNRNnVSTmgzMDhqVUZYVW5zbENmeitOT1AKa1QyMWFKbVREK2RydlIwM0Y5QjJOS0IrNUVESUVrN0Uva0ZwR3JiczluckZZbjBxQ2d5aFdmemxMazNFSFI1SAphM1I1NGJ1ajBYMW15T2QwZllFaFJuMDBZZFlXWW1JQjdoR21MeFBDaDMybnJMcXJ2NHM3RGpERUVlRnowQ0xOCjQyVE9HbC9Bd2xuZFlIVFJhNDNmVWR3ZU1rU0ZtVy8walppMHI0SnJOYWFCdUE4Tlg3K3JwVm1rdWM3aGt1WWEKREU3S3VWRkFmNlJ5cWhzMWhpRGdCRW5pRWhON0ZxQWFEYlFXY1FJREFRQUJBb0lCQURwb29uNWhTMG14Qyt6NwpGZ3U1bUFLTmg4bHhnazZEamRGKzFjOTdlM2ltcW80STgvWHN5eXRuQzUxWlpRZkR1cldqUk8wMzdkZk9nVHp3CkhIY2lWRW5iV2xFLzZZK25nMkt0Q1hOWUk4SlA5QVV1N0pXNW9jS2lvVWhTOHpQdnA5U2pTeS94dW5tNDkxNFUKcXdWS0ZnTmlTWE44eGJ3c2p1azFJWG5GSXNjM2c3Z05mbTk4enZzWmhlU01OY2ppWkZnTUZ4WUl2Z0Zqb1dSZQorejEza2lEZjZaS29HblFaMnFMeEltYW9Id3I0RFpyTXdyaHpWK3Z4clhocVBDQ0MvdStwcjlZei9OQ0s5b0JNCkQ2ZlVOeW83M3YzZTFrYTY3UjZraG5xcWRnd0VFZjQrd2lCeWYxSVB5eElndE5tK0g1TmZUUUU1dDFFRm9sRDMKVUZwUlRwVUNnWUVBemxaYW5CcVJaZ2J5R0pUSEwwbDdpdDhKekZYcHp4aEowWDFYMjh2RHU1SE1kSGVjSDQ1RgpOekpsK1JFZlVoSmJGV29oVnBtUmQzc2VYMGowNHAwNTI4a3FaOGhwcjg1d3ptaTV5RUlybnZlbHh3UU1YdlZlCk8wTDd3NHlzV0xLR21mNXpQVjh6dmtZbDNTcVg5amNIRGF3YXRROWd3ZnFNL0ZGUzgyOXNNRGNDZ1lFQXo1bWIKOHc2YXNZOXRJbmtWQ2h2aHpMTExSTUhZMm0vVmZWUEdRd3R1L1A2NUdBZHN2TS9NaE1IVStaRkJVaGY1Zk9laApQQ1U0cno3eDlXNVhmVHVnQ1VuTW9LbVRoVXBmSW9DTVJ2TjdzQzhNay9pQzNwcjVZVlNUUFI0MG9xdGdFZTRlCmdXckwyTEJIUUJWdlBaYTFlSjRYSU1kaGFpK0hjVTFWcEFWS2lwY0NnWUJxRnJ3L3h1azdMQmNOekhFZFB3cm0KUEFjdHFINnVuQzVZSjdva3FIL2EwUHZ1WmhFL3FFYXVPcHR6ay9vbW1JbDhXVFVLOGFwNVpEUVppY2xmT3Jlawo2YW1EOHVka0hTQ2kvL1dGb1lBTUhBaUFhdlJ4WG5jMHdSdnhUMExOMS95YzhOY1Bsd05qc1cyR2FYLzRlQktJClZSVG1ReUhjbXBZaXBTMmhQSWpEd1FLQmdRQ0RGYldaUmpGN3lOcmFsNlluV2UrOE4zR09tdkI1RFlDNndEbEMKZ0dlMnJJam5tVmlaNklSMWw0Y0poeVM5MTVHYnd3N1dVWkozWmNHV2ZmUVVpWi9GL2FtT0VVV3JOb2pYMmwrNQpOV2wybUY3UzJHcWFjVFRpdG1xNmZ1WXhpUkVDZ1Y4VnpQK21kYmlueUdFVGZLUmQ0MFVyVjNvMWVJbUhpNU4yCkhEa3pSUUtCZ0FRVUpUMEo2MnAwbkJSa3pIeTF5SVcxZXhOWUJpWmtmTkVVSXR3L0dUWU10WW52a3U1MDR5Q2EKNnBiZmdDMFdEUG8xQk1PWm1IMDBXcGE4aUhnWTc5UGJtVUJyelJXdlR3VENxSjRJSUczMVVHOTNkbXpFSnRTMApMcSs1WUZKY21rc3g0K3pvdzVDYkJYdk1EU1pJMmdsd0xBc3NkT2dtM0x1eUJ6YTM3WGxoCi0tLS0tRU5EIFJTQSBQUklWQVRFIEtFWS0tLS0tCg==\n",
            "kubeconfig_path": "C:\\Users\\ivysu\\OneDrive\\Documentos\\uni\\cuarto\\VS\\VS_entregable2\\ejercicio-2\\terraform-k8s-cluster-config",
            "name": "terraform-k8s-cluster",
            "node_image": null,
            "timeouts": null,
            "wait_for_ready": false
          },
          "sensitive_attributes": [],
          "identity_schema_version": 0,
          "private": "eyJlMmJmYjczMC1lY2FhLTExZTYtOGY4OC0zNDM2M2JjN2M0YzAiOnsiY3JlYXRlIjozMDAwMDAwMDAwMDAsImRlbGV0ZSI6MzAwMDAwMDAwMDAwLCJ1cGRhdGUiOjMwMDAwMDAwMDAwMH19"
        }
      ]
    },
    {
      "mode": "managed",
      "type": "kubernetes_deployment",
      "name": "mariadb",
      "provider": "provider[\"registry.terraform.io/hashicorp/kubernetes\"]",
      "instances": [
        {
          "schema_version": 1,
          "attributes": {
            "id": "default/mariadb",
            "metadata": [
              {
                "annotations": null,
                "generate_name": "",
                "generation": 1,
                "labels": {
                  "app": "mariadb"
                },
                "name": "mariadb",
                "namespace": "default",
                "resource_version": "547",
                "uid": "f60b9f16-50dd-4ded-bc44-c289250745bf"
              }
            ],
            "spec": [
              {
                "min_ready_seconds": 0,
                "paused": false,
                "progress_deadline_seconds": 600,
                "replicas": "1",
                "revision_history_limit": 10,
                "selector": [
                  {
                    "match_expressions": [],
                    "match_labels": {
                      "app": "mariadb"
                    }
                  }
                ],
                "strategy": [
                  {
                    "rolling_update": [
                      {
                        "max_surge": "25%",
                        "max_unavailable": "25%"
                      }
                    ],
                    "type": "RollingUpdate"
                  }
                ],
                "template": [
                  {
                    "metadata": [
                      {
                        "annotations": null,
                        "generate_name": "",
                        "generation": 0,
                        "labels": {
                          "app": "mariadb"
                        },
                        "name": "",
                        "namespace": "",
                        "resource_version": "",
                        "uid": ""
                      }
                    ],
                    "spec": [
                      {
                        "active_deadline_seconds": 0,
                        "affinity": [],
                        "automount_service_account_token": true,
                        "container": [
                          {
                            "args": null,
                            "command": null,
                            "env": [
                              {
                                "name": "MARIADB_ROOT_PASSWORD",
                                "value": "hola",
                                "value_from": []
                              },
                              {
                                "name": "MARIADB_DATABASE",
                                "value": "hola",
                                "value_from": []
                              },
                              {
                                "name": "MARIADB_USER",
                                "value": "hola",
                                "value_from": []
                              },
                              {
                                "name": "MARIADB_PASSWORD",
                                "value": "hola",
                                "value_from": []
                              }
                            ],
                            "env_from": [],
                            "image": "mariadb:10.6",
                            "image_pull_policy": "IfNotPresent",
                            "lifecycle": [],
                            "liveness_probe": [],
                            "name": "mariadb",
                            "port": [],
                            "readiness_probe": [],
                            "resources": [
                              {
                                "limits": {},
                                "requests": {}
                              }
                            ],
                            "security_context": [],
                            "startup_probe": [],
                            "stdin": false,
                            "stdin_once": false,
                            "termination_message_path": "/dev/termination-log",
                            "termination_message_policy": "File",
                            "tty": false,
                            "volume_mount": [
                              {
                                "mount_path": "/var/lib/mysql",
                                "mount_propagation": "None",
                                "name": "mariadb-storage",
                                "read_only": false,
                                "sub_path": ""
                              }
                            ],
                            "working_dir": ""
                          }
                        ],
                        "dns_config": [],
                        "dns_policy": "ClusterFirst",
                        "enable_service_links": true,
                        "host_aliases": [],
                        "host_ipc": false,
                        "host_network": false,
                        "host_pid": false,
                        "hostname": "",
                        "image_pull_secrets": [],
                        "init_container": [],
                        "node_name": "",
                        "node_selector": null,
                        "priority_class_name": "",
                        "readiness_gate": [],
                        "restart_policy": "Always",
                        "runtime_class_name": "",
                        "scheduler_name": "default-scheduler",
                        "security_context": [],
                        "service_account_name": "",
                        "share_process_namespace": false,
                        "subdomain": "",
                        "termination_grace_period_seconds": 30,
                        "toleration": [],
                        "topology_spread_constraint": [],
                        "volume": [
                          {
                            "aws_elastic_block_store": [],
                            "azure_disk": [],
                            "azure_file": [],
                            "ceph_fs": [],
                            "cinder": [],
                            "config_map": [],
                            "csi": [],
                            "downward_api": [],
                            "empty_dir": [],
                            "ephemeral": [],
                            "fc": [],
                            "flex_volume": [],
                            "flocker": [],
                            "gce_persistent_disk": [],
                            "git_repo": [],
                            "glusterfs": [],
                            "host_path": [
                              {
                                "path": "/var/lib/mysql-data",
                                "type": "DirectoryOrCreate"
                              }
                            ],
                            "iscsi": [],
                            "local": [],
                            "name": "mariadb-storage",
                            "nfs": [],
                            "persistent_volume_claim": [],
                            "photon_persistent_disk": [],
                            "projected": [],
                            "quobyte": [],
                            "rbd": [],
                            "secret": [],
                            "vsphere_volume": []
                          }
                        ]
                      }
                    ]
                  }
                ]
              }
            ],
            "timeouts": null,
            "wait_for_rollout": true
          },
          "sensitive_attributes": [
            [
              {
                "type": "get_attr",
                "value": "spec"
              },
              {
                "type": "index",
                "value": {
                  "value": 0,
                  "type": "number"
                }
              },
              {
                "type": "get_attr",
                "value": "template"
              },
              {
                "type": "index",
                "value": {
                  "value": 0,
                  "type": "number"
                }
              },
              {
                "type": "get_attr",
                "value": "spec"
              },
              {
                "type": "index",
                "value": {
                  "value": 0,
                  "type": "number"
                }
              },
              {
                "type": "get_attr",
                "value": "container"
              },
              {
                "type": "index",
                "value": {
                  "value": 0,
                  "type": "number"
                }
              },
              {
                "type": "get_attr",
                "value": "env"
              },
              {
                "type": "index",
                "value": {
                  "value": 0,
                  "type": "number"
                }
              },
              {
                "type": "get_attr",
                "value": "value"
              }
            ],
            [
              {
                "type": "get_attr",
                "value": "spec"
              },
              {
                "type": "index",
                "value": {
                  "value": 0,
                  "type": "number"
                }
              },
              {
                "type": "get_attr",
                "value": "template"
              },
              {
                "type": "index",
                "value": {
                  "value": 0,
                  "type": "number"
                }
              },
              {
                "type": "get_attr",
                "value": "spec"
              },
              {
                "type": "index",
                "value": {
                  "value": 0,
                  "type": "number"
                }
              },
              {
                "type": "get_attr",
                "value": "container"
              },
              {
                "type": "index",
                "value": {
                  "value": 0,
                  "type": "number"
                }
              },
              {
                "type": "get_attr",
                "value": "env"
              },
              {
                "type": "index",
                "value": {
                  "value": 3,
                  "type": "number"
                }
              },
              {
                "type": "get_attr",
                "value": "value"
              }
            ]
          ],
          "identity_schema_version": 0,
          "private": "eyJlMmJmYjczMC1lY2FhLTExZTYtOGY4OC0zNDM2M2JjN2M0YzAiOnsiY3JlYXRlIjo2MDAwMDAwMDAwMDAsImRlbGV0ZSI6NjAwMDAwMDAwMDAwLCJ1cGRhdGUiOjYwMDAwMDAwMDAwMH0sInNjaGVtYV92ZXJzaW9uIjoiMSJ9",
          "dependencies": [
            "kind_cluster.default"
          ]
        }
      ]
    },
    {
      "mode": "managed",
      "type": "kubernetes_deployment",
      "name": "matomo",
      "provider": "provider[\"registry.terraform.io/hashicorp/kubernetes\"]",
      "instances": [
        {
          "schema_version": 1,
          "attributes": {
            "id": "default/matomo",
            "metadata": [
              {
                "annotations": null,
                "generate_name": "",
                "generation": 1,
                "labels": {
                  "app": "matomo"
                },
                "name": "matomo",
                "namespace": "default",
                "resource_version": "676",
                "uid": "1332434a-7f58-4d87-b480-ab3e1fef167f"
              }
            ],
            "spec": [
              {
                "min_ready_seconds": 0,
                "paused": false,
                "progress_deadline_seconds": 600,
                "replicas": "1",
                "revision_history_limit": 10,
                "selector": [
                  {
                    "match_expressions": [],
                    "match_labels": {
                      "app": "matomo"
                    }
                  }
                ],
                "strategy": [
                  {
                    "rolling_update": [
                      {
                        "max_surge": "25%",
                        "max_unavailable": "25%"
                      }
                    ],
                    "type": "RollingUpdate"
                  }
                ],
                "template": [
                  {
                    "metadata": [
                      {
                        "annotations": null,
                        "generate_name": "",
                        "generation": 0,
                        "labels": {
                          "app": "matomo"
                        },
                        "name": "",
                        "namespace": "",
                        "resource_version": "",
                        "uid": ""
                      }
                    ],
                    "spec": [
                      {
                        "active_deadline_seconds": 0,
                        "affinity": [],
                        "automount_service_account_token": true,
                        "container": [
                          {
                            "args": null,
                            "command": null,
                            "env": [
                              {
                                "name": "MATOMO_DATABASE_HOST",
                                "value": "mariadb",
                                "value_from": []
                              },
                              {
                                "name": "MATOMO_DATABASE_USERNAME",
                                "value": "hola",
                                "value_from": []
                              },
                              {
                                "name": "MATOMO_DATABASE_PASSWORD",
                                "value": "hola",
                                "value_from": []
                              },
                              {
                                "name": "MATOMO_DATABASE_DBNAME",
                                "value": "hola",
                                "value_from": []
                              }
                            ],
                            "env_from": [],
                            "image": "ivysudadera/matomo-custom:latest",
                            "image_pull_policy": "Always",
                            "lifecycle": [],
                            "liveness_probe": [],
                            "name": "matomo",
                            "port": [],
                            "readiness_probe": [],
                            "resources": [
                              {
                                "limits": {},
                                "requests": {}
                              }
                            ],
                            "security_context": [],
                            "startup_probe": [],
                            "stdin": false,
                            "stdin_once": false,
                            "termination_message_path": "/dev/termination-log",
                            "termination_message_policy": "File",
                            "tty": false,
                            "volume_mount": [
                              {
                                "mount_path": "/var/www/html",
                                "mount_propagation": "None",
                                "name": "matomo-storage",
                                "read_only": false,
                                "sub_path": ""
                              }
                            ],
                            "working_dir": ""
                          }
                        ],
                        "dns_config": [],
                        "dns_policy": "ClusterFirst",
                        "enable_service_links": true,
                        "host_aliases": [],
                        "host_ipc": false,
                        "host_network": false,
                        "host_pid": false,
                        "hostname": "",
                        "image_pull_secrets": [],
                        "init_container": [],
                        "node_name": "",
                        "node_selector": null,
                        "priority_class_name": "",
                        "readiness_gate": [],
                        "restart_policy": "Always",
                        "runtime_class_name": "",
                        "scheduler_name": "default-scheduler",
                        "security_context": [],
                        "service_account_name": "",
                        "share_process_namespace": false,
                        "subdomain": "",
                        "termination_grace_period_seconds": 30,
                        "toleration": [],
                        "topology_spread_constraint": [],
                        "volume": [
                          {
                            "aws_elastic_block_store": [],
                            "azure_disk": [],
                            "azure_file": [],
                            "ceph_fs": [],
                            "cinder": [],
                            "config_map": [],
                            "csi": [],
                            "downward_api": [],
                            "empty_dir": [],
                            "ephemeral": [],
                            "fc": [],
                            "flex_volume": [],
                            "flocker": [],
                            "gce_persistent_disk": [],
                            "git_repo": [],
                            "glusterfs": [],
                            "host_path": [
                              {
                                "path": "/var/www/html-data",
                                "type": "DirectoryOrCreate"
                              }
                            ],
                            "iscsi": [],
                            "local": [],
                            "name": "matomo-storage",
                            "nfs": [],
                            "persistent_volume_claim": [],
                            "photon_persistent_disk": [],
                            "projected": [],
                            "quobyte": [],
                            "rbd": [],
                            "secret": [],
                            "vsphere_volume": []
                          }
                        ]
                      }
                    ]
                  }
                ]
              }
            ],
            "timeouts": null,
            "wait_for_rollout": true
          },
          "sensitive_attributes": [
            [
              {
                "type": "get_attr",
                "value": "spec"
              },
              {
                "type": "index",
                "value": {
                  "value": 0,
                  "type": "number"
                }
              },
              {
                "type": "get_attr",
                "value": "template"
              },
              {
                "type": "index",
                "value": {
                  "value": 0,
                  "type": "number"
                }
              },
              {
                "type": "get_attr",
                "value": "spec"
              },
              {
                "type": "index",
                "value": {
                  "value": 0,
                  "type": "number"
                }
              },
              {
                "type": "get_attr",
                "value": "container"
              },
              {
                "type": "index",
                "value": {
                  "value": 0,
                  "type": "number"
                }
              },
              {
                "type": "get_attr",
                "value": "env"
              },
              {
                "type": "index",
                "value": {
                  "value": 2,
                  "type": "number"
                }
              },
              {
                "type": "get_attr",
                "value": "value"
              }
            ]
          ],
          "identity_schema_version": 0,
          "private": "eyJlMmJmYjczMC1lY2FhLTExZTYtOGY4OC0zNDM2M2JjN2M0YzAiOnsiY3JlYXRlIjo2MDAwMDAwMDAwMDAsImRlbGV0ZSI6NjAwMDAwMDAwMDAwLCJ1cGRhdGUiOjYwMDAwMDAwMDAwMH0sInNjaGVtYV92ZXJzaW9uIjoiMSJ9",
          "dependencies": [
            "kind_cluster.default",
            "kubernetes_deployment.mariadb"
          ]
        }
      ]
    },
    {
      "mode": "managed",
      "type": "kubernetes_service",
      "name": "mariadb",
      "provider": "provider[\"registry.terraform.io/hashicorp/kubernetes\"]",
      "instances": [
        {
          "schema_version": 1,
          "attributes": {
            "id": "default/mariadb",
            "metadata": [
              {
                "annotations": null,
                "generate_name": "",
                "generation": 0,
                "labels": null,
                "name": "mariadb",
                "namespace": "default",
                "resource_version": "306",
                "uid": "a4d1e227-ef76-4395-9fa9-50139b490fd4"
              }
            ],
            "spec": [
              {
                "allocate_load_balancer_node_ports": true,
                "cluster_ip": "10.96.31.54",
                "cluster_ips": [
                  "10.96.31.54"
                ],
                "external_ips": null,
                "external_name": "",
                "external_traffic_policy": "",
                "health_check_node_port": 0,
                "internal_traffic_policy": "Cluster",
                "ip_families": [
                  "IPv4"
                ],
                "ip_family_policy": "SingleStack",
                "load_balancer_class": "",
                "load_balancer_ip": "",
                "load_balancer_source_ranges": null,
                "port": [
                  {
                    "app_protocol": "",
                    "name": "",
                    "node_port": 0,
                    "port": 3306,
                    "protocol": "TCP",
                    "target_port": "3306"
                  }
                ],
                "publish_not_ready_addresses": false,
                "selector": {
                  "app": "mariadb"
                },
                "session_affinity": "None",
                "session_affinity_config": [],
                "type": "ClusterIP"
              }
            ],
            "status": [
              {
                "load_balancer": [
                  {
                    "ingress": []
                  }
                ]
              }
            ],
            "timeouts": null,
            "wait_for_load_balancer": true
          },
          "sensitive_attributes": [],
          "identity_schema_version": 0,
          "private": "eyJlMmJmYjczMC1lY2FhLTExZTYtOGY4OC0zNDM2M2JjN2M0YzAiOnsiY3JlYXRlIjo2MDAwMDAwMDAwMDB9LCJzY2hlbWFfdmVyc2lvbiI6IjEifQ==",
          "dependencies": [
            "kind_cluster.default"
          ]
        }
      ]
    },
    {
      "mode": "managed",
      "type": "kubernetes_service",
      "name": "matomo",
      "provider": "provider[\"registry.terraform.io/hashicorp/kubernetes\"]",
      "instances": [
        {
          "schema_version": 1,
          "attributes": {
            "id": "default/matomo",
            "metadata": [
              {
                "annotations": null,
                "generate_name": "",
                "generation": 0,
                "labels": null,
                "name": "matomo",
                "namespace": "default",
                "resource_version": "309",
                "uid": "73d7c476-29df-45e2-86e0-2e7839a888ea"
              }
            ],
            "spec": [
              {
                "allocate_load_balancer_node_ports": true,
                "cluster_ip": "10.96.227.127",
                "cluster_ips": [
                  "10.96.227.127"
                ],
                "external_ips": null,
                "external_name": "",
                "external_traffic_policy": "Cluster",
                "health_check_node_port": 0,
                "internal_traffic_policy": "Cluster",
                "ip_families": [
                  "IPv4"
                ],
                "ip_family_policy": "SingleStack",
                "load_balancer_class": "",
                "load_balancer_ip": "",
                "load_balancer_source_ranges": null,
                "port": [
                  {
                    "app_protocol": "",
                    "name": "",
                    "node_port": 30081,
                    "port": 80,
                    "protocol": "TCP",
                    "target_port": "80"
                  }
                ],
                "publish_not_ready_addresses": false,
                "selector": {
                  "app": "matomo"
                },
                "session_affinity": "None",
                "session_affinity_config": [],
                "type": "NodePort"
              }
            ],
            "status": [
              {
                "load_balancer": [
                  {
                    "ingress": []
                  }
                ]
              }
            ],
            "timeouts": null,
            "wait_for_load_balancer": true
          },
          "sensitive_attributes": [],
          "identity_schema_version": 0,
          "private": "eyJlMmJmYjczMC1lY2FhLTExZTYtOGY4OC0zNDM2M2JjN2M0YzAiOnsiY3JlYXRlIjo2MDAwMDAwMDAwMDB9LCJzY2hlbWFfdmVyc2lvbiI6IjEifQ==",
          "dependencies": [
            "kind_cluster.default"
          ]
        }
      ]
    }
  ],
  "check_results": null
}
